// !$*UTF8*$!
{
	archiveVersion = 1;
	classes = {
	};
	objectVersion = 56;
	objects = {

/* Begin PBXBuildFile section */
		EB8D428C2A3CABC7002180BC /* AppDelegate.swift in Sources */ = {isa = PBXBuildFile; fileRef = EB8D428B2A3CABC7002180BC /* AppDelegate.swift */; };
		EB8D428E2A3CABC7002180BC /* SceneDelegate.swift in Sources */ = {isa = PBXBuildFile; fileRef = EB8D428D2A3CABC7002180BC /* SceneDelegate.swift */; };
		EB8D42902A3CABC7002180BC /* ViewController.swift in Sources */ = {isa = PBXBuildFile; fileRef = EB8D428F2A3CABC7002180BC /* ViewController.swift */; };
		EB8D42932A3CABC7002180BC /* Main.storyboard in Resources */ = {isa = PBXBuildFile; fileRef = EB8D42912A3CABC7002180BC /* Main.storyboard */; };
		EB8D42952A3CABC8002180BC /* Assets.xcassets in Resources */ = {isa = PBXBuildFile; fileRef = EB8D42942A3CABC8002180BC /* Assets.xcassets */; };
		EB8D42982A3CABC8002180BC /* LaunchScreen.storyboard in Resources */ = {isa = PBXBuildFile; fileRef = EB8D42962A3CABC8002180BC /* LaunchScreen.storyboard */; };
		EB8D42A22A3CAD1B002180BC /* TodoItem.swift in Sources */ = {isa = PBXBuildFile; fileRef = EB8D42A12A3CAD1B002180BC /* TodoItem.swift */; };
		EB8D42A42A3CAD37002180BC /* FileCache.swift in Sources */ = {isa = PBXBuildFile; fileRef = EB8D42A32A3CAD37002180BC /* FileCache.swift */; };
		EB8D42AD2A3CAFD2002180BC /* TodoItemTests.swift in Sources */ = {isa = PBXBuildFile; fileRef = EB8D42AC2A3CAFD2002180BC /* TodoItemTests.swift */; };
/* End PBXBuildFile section */

/* Begin PBXContainerItemProxy section */
		EB8D42AE2A3CAFD2002180BC /* PBXContainerItemProxy */ = {
			isa = PBXContainerItemProxy;
			containerPortal = EB8D42802A3CABC7002180BC /* Project object */;
			proxyType = 1;
			remoteGlobalIDString = EB8D42872A3CABC7002180BC;
			remoteInfo = ToDoApp;
		};
/* End PBXContainerItemProxy section */

/* Begin PBXFileReference section */
		EB8D42882A3CABC7002180BC /* ToDoApp.app */ = {isa = PBXFileReference; explicitFileType = wrapper.application; includeInIndex = 0; path = ToDoApp.app; sourceTree = BUILT_PRODUCTS_DIR; };
		EB8D428B2A3CABC7002180BC /* AppDelegate.swift */ = {isa = PBXFileReference; lastKnownFileType = sourcecode.swift; path = AppDelegate.swift; sourceTree = "<group>"; };
		EB8D428D2A3CABC7002180BC /* SceneDelegate.swift */ = {isa = PBXFileReference; lastKnownFileType = sourcecode.swift; path = SceneDelegate.swift; sourceTree = "<group>"; };
		EB8D428F2A3CABC7002180BC /* ViewController.swift */ = {isa = PBXFileReference; lastKnownFileType = sourcecode.swift; path = ViewController.swift; sourceTree = "<group>"; };
		EB8D42922A3CABC7002180BC /* Base */ = {isa = PBXFileReference; lastKnownFileType = file.storyboard; name = Base; path = Base.lproj/Main.storyboard; sourceTree = "<group>"; };
		EB8D42942A3CABC8002180BC /* Assets.xcassets */ = {isa = PBXFileReference; lastKnownFileType = folder.assetcatalog; path = Assets.xcassets; sourceTree = "<group>"; };
		EB8D42972A3CABC8002180BC /* Base */ = {isa = PBXFileReference; lastKnownFileType = file.storyboard; name = Base; path = Base.lproj/LaunchScreen.storyboard; sourceTree = "<group>"; };
		EB8D42992A3CABC8002180BC /* Info.plist */ = {isa = PBXFileReference; lastKnownFileType = text.plist.xml; path = Info.plist; sourceTree = "<group>"; };
		EB8D42A12A3CAD1B002180BC /* TodoItem.swift */ = {isa = PBXFileReference; lastKnownFileType = sourcecode.swift; path = TodoItem.swift; sourceTree = "<group>"; };
		EB8D42A32A3CAD37002180BC /* FileCache.swift */ = {isa = PBXFileReference; lastKnownFileType = sourcecode.swift; path = FileCache.swift; sourceTree = "<group>"; };
		EB8D42AA2A3CAFD2002180BC /* ToDoAppTests.xctest */ = {isa = PBXFileReference; explicitFileType = wrapper.cfbundle; includeInIndex = 0; path = ToDoAppTests.xctest; sourceTree = BUILT_PRODUCTS_DIR; };
		EB8D42AC2A3CAFD2002180BC /* TodoItemTests.swift */ = {isa = PBXFileReference; lastKnownFileType = sourcecode.swift; path = TodoItemTests.swift; sourceTree = "<group>"; };
		EBB11E5D2A3D0260009FDEA0 /* README.md */ = {isa = PBXFileReference; lastKnownFileType = net.daringfireball.markdown; path = README.md; sourceTree = "<group>"; };
/* End PBXFileReference section */

/* Begin PBXFrameworksBuildPhase section */
		EB8D42852A3CABC7002180BC /* Frameworks */ = {
			isa = PBXFrameworksBuildPhase;
			buildActionMask = 2147483647;
			files = (
			);
			runOnlyForDeploymentPostprocessing = 0;
		};
		EB8D42A72A3CAFD2002180BC /* Frameworks */ = {
			isa = PBXFrameworksBuildPhase;
			buildActionMask = 2147483647;
			files = (
			);
			runOnlyForDeploymentPostprocessing = 0;
		};
/* End PBXFrameworksBuildPhase section */

/* Begin PBXGroup section */
		EB8D427F2A3CABC7002180BC = {
			isa = PBXGroup;
			children = (
				EBB11E5D2A3D0260009FDEA0 /* README.md */,
				EB8D428A2A3CABC7002180BC /* ToDoApp */,
				EB8D42AB2A3CAFD2002180BC /* ToDoAppTests */,
				EB8D42892A3CABC7002180BC /* Products */,
			);
			sourceTree = "<group>";
		};
		EB8D42892A3CABC7002180BC /* Products */ = {
			isa = PBXGroup;
			children = (
				EB8D42882A3CABC7002180BC /* ToDoApp.app */,
				EB8D42AA2A3CAFD2002180BC /* ToDoAppTests.xctest */,
			);
			name = Products;
			sourceTree = "<group>";
		};
		EB8D428A2A3CABC7002180BC /* ToDoApp */ = {
			isa = PBXGroup;
			children = (
				EB8D429F2A3CACDD002180BC /* Application */,
				EB8D42A52A3CAD3D002180BC /* Services */,
			);
			path = ToDoApp;
			sourceTree = "<group>";
		};
		EB8D429F2A3CACDD002180BC /* Application */ = {
			isa = PBXGroup;
			children = (
				EB8D428B2A3CABC7002180BC /* AppDelegate.swift */,
				EB8D428D2A3CABC7002180BC /* SceneDelegate.swift */,
				EB8D428F2A3CABC7002180BC /* ViewController.swift */,
				EB8D42A02A3CACF6002180BC /* Resources */,
			);
			path = Application;
			sourceTree = "<group>";
		};
		EB8D42A02A3CACF6002180BC /* Resources */ = {
			isa = PBXGroup;
			children = (
				EB8D42912A3CABC7002180BC /* Main.storyboard */,
				EB8D42942A3CABC8002180BC /* Assets.xcassets */,
				EB8D42962A3CABC8002180BC /* LaunchScreen.storyboard */,
				EB8D42992A3CABC8002180BC /* Info.plist */,
			);
			path = Resources;
			sourceTree = "<group>";
		};
		EB8D42A52A3CAD3D002180BC /* Services */ = {
			isa = PBXGroup;
			children = (
				EB8D42A12A3CAD1B002180BC /* TodoItem.swift */,
				EB8D42A32A3CAD37002180BC /* FileCache.swift */,
			);
			path = Services;
			sourceTree = "<group>";
		};
		EB8D42AB2A3CAFD2002180BC /* ToDoAppTests */ = {
			isa = PBXGroup;
			children = (
				EB8D42B32A3CAFE1002180BC /* Services */,
			);
			path = ToDoAppTests;
			sourceTree = "<group>";
		};
		EB8D42B32A3CAFE1002180BC /* Services */ = {
			isa = PBXGroup;
			children = (
				EB8D42AC2A3CAFD2002180BC /* TodoItemTests.swift */,
			);
			path = Services;
			sourceTree = "<group>";
		};
/* End PBXGroup section */

/* Begin PBXNativeTarget section */
		EB8D42872A3CABC7002180BC /* ToDoApp */ = {
			isa = PBXNativeTarget;
			buildConfigurationList = EB8D429C2A3CABC8002180BC /* Build configuration list for PBXNativeTarget "ToDoApp" */;
			buildPhases = (
				EB8D42842A3CABC7002180BC /* Sources */,
				EB8D42852A3CABC7002180BC /* Frameworks */,
				EB8D42862A3CABC7002180BC /* Resources */,
			);
			buildRules = (
			);
			dependencies = (
			);
			name = ToDoApp;
			productName = ToDoApp;
			productReference = EB8D42882A3CABC7002180BC /* ToDoApp.app */;
			productType = "com.apple.product-type.application";
		};
		EB8D42A92A3CAFD2002180BC /* ToDoAppTests */ = {
			isa = PBXNativeTarget;
			buildConfigurationList = EB8D42B22A3CAFD2002180BC /* Build configuration list for PBXNativeTarget "ToDoAppTests" */;
			buildPhases = (
				EB8D42A62A3CAFD2002180BC /* Sources */,
				EB8D42A72A3CAFD2002180BC /* Frameworks */,
				EB8D42A82A3CAFD2002180BC /* Resources */,
			);
			buildRules = (
			);
			dependencies = (
				EB8D42AF2A3CAFD2002180BC /* PBXTargetDependency */,
			);
			name = ToDoAppTests;
			productName = ToDoAppTests;
			productReference = EB8D42AA2A3CAFD2002180BC /* ToDoAppTests.xctest */;
			productType = "com.apple.product-type.bundle.unit-test";
		};
/* End PBXNativeTarget section */

/* Begin PBXProject section */
		EB8D42802A3CABC7002180BC /* Project object */ = {
			isa = PBXProject;
			attributes = {
				BuildIndependentTargetsInParallel = 1;
				LastSwiftUpdateCheck = 1430;
				LastUpgradeCheck = 1430;
				TargetAttributes = {
					EB8D42872A3CABC7002180BC = {
						CreatedOnToolsVersion = 14.3;
					};
					EB8D42A92A3CAFD2002180BC = {
						CreatedOnToolsVersion = 14.3;
						TestTargetID = EB8D42872A3CABC7002180BC;
					};
				};
			};
			buildConfigurationList = EB8D42832A3CABC7002180BC /* Build configuration list for PBXProject "ToDoApp" */;
			compatibilityVersion = "Xcode 14.0";
			developmentRegion = en;
			hasScannedForEncodings = 0;
			knownRegions = (
				en,
				Base,
			);
			mainGroup = EB8D427F2A3CABC7002180BC;
			productRefGroup = EB8D42892A3CABC7002180BC /* Products */;
			projectDirPath = "";
			projectRoot = "";
			targets = (
				EB8D42872A3CABC7002180BC /* ToDoApp */,
				EB8D42A92A3CAFD2002180BC /* ToDoAppTests */,
			);
		};
/* End PBXProject section */

/* Begin PBXResourcesBuildPhase section */
		EB8D42862A3CABC7002180BC /* Resources */ = {
			isa = PBXResourcesBuildPhase;
			buildActionMask = 2147483647;
			files = (
				EB8D42982A3CABC8002180BC /* LaunchScreen.storyboard in Resources */,
				EB8D42952A3CABC8002180BC /* Assets.xcassets in Resources */,
				EB8D42932A3CABC7002180BC /* Main.storyboard in Resources */,
			);
			runOnlyForDeploymentPostprocessing = 0;
		};
		EB8D42A82A3CAFD2002180BC /* Resources */ = {
			isa = PBXResourcesBuildPhase;
			buildActionMask = 2147483647;
			files = (
			);
			runOnlyForDeploymentPostprocessing = 0;
		};
/* End PBXResourcesBuildPhase section */

/* Begin PBXSourcesBuildPhase section */
		EB8D42842A3CABC7002180BC /* Sources */ = {
			isa = PBXSourcesBuildPhase;
			buildActionMask = 2147483647;
			files = (
				EB8D42902A3CABC7002180BC /* ViewController.swift in Sources */,
				EB8D428C2A3CABC7002180BC /* AppDelegate.swift in Sources */,
				EB8D42A22A3CAD1B002180BC /* TodoItem.swift in Sources */,
				EB8D42A42A3CAD37002180BC /* FileCache.swift in Sources */,
				EB8D428E2A3CABC7002180BC /* SceneDelegate.swift in Sources */,
			);
			runOnlyForDeploymentPostprocessing = 0;
		};
		EB8D42A62A3CAFD2002180BC /* Sources */ = {
			isa = PBXSourcesBuildPhase;
			buildActionMask = 2147483647;
			files = (
				EB8D42AD2A3CAFD2002180BC /* TodoItemTests.swift in Sources */,
			);
			runOnlyForDeploymentPostprocessing = 0;
		};
/* End PBXSourcesBuildPhase section */

/* Begin PBXTargetDependency section */
		EB8D42AF2A3CAFD2002180BC /* PBXTargetDependency */ = {
			isa = PBXTargetDependency;
			target = EB8D42872A3CABC7002180BC /* ToDoApp */;
			targetProxy = EB8D42AE2A3CAFD2002180BC /* PBXContainerItemProxy */;
		};
/* End PBXTargetDependency section */

/* Begin PBXVariantGroup section */
		EB8D42912A3CABC7002180BC /* Main.storyboard */ = {
			isa = PBXVariantGroup;
			children = (
				EB8D42922A3CABC7002180BC /* Base */,
			);
			name = Main.storyboard;
			sourceTree = "<group>";
		};
		EB8D42962A3CABC8002180BC /* LaunchScreen.storyboard */ = {
			isa = PBXVariantGroup;
			children = (
				EB8D42972A3CABC8002180BC /* Base */,
			);
			name = LaunchScreen.storyboard;
			sourceTree = "<group>";
		};
/* End PBXVariantGroup section */

/* Begin XCBuildConfiguration section */
		EB8D429A2A3CABC8002180BC /* Debug */ = {
			isa = XCBuildConfiguration;
			buildSettings = {
				ALWAYS_SEARCH_USER_PATHS = NO;
				CLANG_ANALYZER_NONNULL = YES;
				CLANG_ANALYZER_NUMBER_OBJECT_CONVERSION = YES_AGGRESSIVE;
				CLANG_CXX_LANGUAGE_STANDARD = "gnu++20";
				CLANG_ENABLE_MODULES = YES;
				CLANG_ENABLE_OBJC_ARC = YES;
				CLANG_ENABLE_OBJC_WEAK = YES;
				CLANG_WARN_BLOCK_CAPTURE_AUTORELEASING = YES;
				CLANG_WARN_BOOL_CONVERSION = YES;
				CLANG_WARN_COMMA = YES;
				CLANG_WARN_CONSTANT_CONVERSION = YES;
				CLANG_WARN_DEPRECATED_OBJC_IMPLEMENTATIONS = YES;
				CLANG_WARN_DIRECT_OBJC_ISA_USAGE = YES_ERROR;
				CLANG_WARN_DOCUMENTATION_COMMENTS = YES;
				CLANG_WARN_EMPTY_BODY = YES;
				CLANG_WARN_ENUM_CONVERSION = YES;
				CLANG_WARN_INFINITE_RECURSION = YES;
				CLANG_WARN_INT_CONVERSION = YES;
				CLANG_WARN_NON_LITERAL_NULL_CONVERSION = YES;
				CLANG_WARN_OBJC_IMPLICIT_RETAIN_SELF = YES;
				CLANG_WARN_OBJC_LITERAL_CONVERSION = YES;
				CLANG_WARN_OBJC_ROOT_CLASS = YES_ERROR;
				CLANG_WARN_QUOTED_INCLUDE_IN_FRAMEWORK_HEADER = YES;
				CLANG_WARN_RANGE_LOOP_ANALYSIS = YES;
				CLANG_WARN_STRICT_PROTOTYPES = YES;
				CLANG_WARN_SUSPICIOUS_MOVE = YES;
				CLANG_WARN_UNGUARDED_AVAILABILITY = YES_AGGRESSIVE;
				CLANG_WARN_UNREACHABLE_CODE = YES;
				CLANG_WARN__DUPLICATE_METHOD_MATCH = YES;
				COPY_PHASE_STRIP = NO;
				DEBUG_INFORMATION_FORMAT = dwarf;
				ENABLE_STRICT_OBJC_MSGSEND = YES;
				ENABLE_TESTABILITY = YES;
				GCC_C_LANGUAGE_STANDARD = gnu11;
				GCC_DYNAMIC_NO_PIC = NO;
				GCC_NO_COMMON_BLOCKS = YES;
				GCC_OPTIMIZATION_LEVEL = 0;
				GCC_PREPROCESSOR_DEFINITIONS = (
					"DEBUG=1",
					"$(inherited)",
				);
				GCC_WARN_64_TO_32_BIT_CONVERSION = YES;
				GCC_WARN_ABOUT_RETURN_TYPE = YES_ERROR;
				GCC_WARN_UNDECLARED_SELECTOR = YES;
				GCC_WARN_UNINITIALIZED_AUTOS = YES_AGGRESSIVE;
				GCC_WARN_UNUSED_FUNCTION = YES;
				GCC_WARN_UNUSED_VARIABLE = YES;
				IPHONEOS_DEPLOYMENT_TARGET = 16.4;
				MTL_ENABLE_DEBUG_INFO = INCLUDE_SOURCE;
				MTL_FAST_MATH = YES;
				ONLY_ACTIVE_ARCH = YES;
				SDKROOT = iphoneos;
				SWIFT_ACTIVE_COMPILATION_CONDITIONS = DEBUG;
				SWIFT_OPTIMIZATION_LEVEL = "-Onone";
			};
			name = Debug;
		};
		EB8D429B2A3CABC8002180BC /* Release */ = {
			isa = XCBuildConfiguration;
			buildSettings = {
				ALWAYS_SEARCH_USER_PATHS = NO;
				CLANG_ANALYZER_NONNULL = YES;
				CLANG_ANALYZER_NUMBER_OBJECT_CONVERSION = YES_AGGRESSIVE;
				CLANG_CXX_LANGUAGE_STANDARD = "gnu++20";
				CLANG_ENABLE_MODULES = YES;
				CLANG_ENABLE_OBJC_ARC = YES;
				CLANG_ENABLE_OBJC_WEAK = YES;
				CLANG_WARN_BLOCK_CAPTURE_AUTORELEASING = YES;
				CLANG_WARN_BOOL_CONVERSION = YES;
				CLANG_WARN_COMMA = YES;
				CLANG_WARN_CONSTANT_CONVERSION = YES;
				CLANG_WARN_DEPRECATED_OBJC_IMPLEMENTATIONS = YES;
				CLANG_WARN_DIRECT_OBJC_ISA_USAGE = YES_ERROR;
				CLANG_WARN_DOCUMENTATION_COMMENTS = YES;
				CLANG_WARN_EMPTY_BODY = YES;
				CLANG_WARN_ENUM_CONVERSION = YES;
				CLANG_WARN_INFINITE_RECURSION = YES;
				CLANG_WARN_INT_CONVERSION = YES;
				CLANG_WARN_NON_LITERAL_NULL_CONVERSION = YES;
				CLANG_WARN_OBJC_IMPLICIT_RETAIN_SELF = YES;
				CLANG_WARN_OBJC_LITERAL_CONVERSION = YES;
				CLANG_WARN_OBJC_ROOT_CLASS = YES_ERROR;
				CLANG_WARN_QUOTED_INCLUDE_IN_FRAMEWORK_HEADER = YES;
				CLANG_WARN_RANGE_LOOP_ANALYSIS = YES;
				CLANG_WARN_STRICT_PROTOTYPES = YES;
				CLANG_WARN_SUSPICIOUS_MOVE = YES;
				CLANG_WARN_UNGUARDED_AVAILABILITY = YES_AGGRESSIVE;
				CLANG_WARN_UNREACHABLE_CODE = YES;
				CLANG_WARN__DUPLICATE_METHOD_MATCH = YES;
				COPY_PHASE_STRIP = NO;
				DEBUG_INFORMATION_FORMAT = "dwarf-with-dsym";
				ENABLE_NS_ASSERTIONS = NO;
				ENABLE_STRICT_OBJC_MSGSEND = YES;
				GCC_C_LANGUAGE_STANDARD = gnu11;
				GCC_NO_COMMON_BLOCKS = YES;
				GCC_WARN_64_TO_32_BIT_CONVERSION = YES;
				GCC_WARN_ABOUT_RETURN_TYPE = YES_ERROR;
				GCC_WARN_UNDECLARED_SELECTOR = YES;
				GCC_WARN_UNINITIALIZED_AUTOS = YES_AGGRESSIVE;
				GCC_WARN_UNUSED_FUNCTION = YES;
				GCC_WARN_UNUSED_VARIABLE = YES;
				IPHONEOS_DEPLOYMENT_TARGET = 16.4;
				MTL_ENABLE_DEBUG_INFO = NO;
				MTL_FAST_MATH = YES;
				SDKROOT = iphoneos;
				SWIFT_COMPILATION_MODE = wholemodule;
				SWIFT_OPTIMIZATION_LEVEL = "-O";
				VALIDATE_PRODUCT = YES;
			};
			name = Release;
		};
		EB8D429D2A3CABC8002180BC /* Debug */ = {
			isa = XCBuildConfiguration;
			buildSettings = {
				ASSETCATALOG_COMPILER_APPICON_NAME = AppIcon;
				ASSETCATALOG_COMPILER_GLOBAL_ACCENT_COLOR_NAME = AccentColor;
				CODE_SIGN_STYLE = Automatic;
				CURRENT_PROJECT_VERSION = 1;
				DEVELOPMENT_TEAM = 7RVKJ89XN7;
				GENERATE_INFOPLIST_FILE = YES;
				INFOPLIST_FILE = ToDoApp/Application/Resources/Info.plist;
				INFOPLIST_KEY_UIApplicationSupportsIndirectInputEvents = YES;
				INFOPLIST_KEY_UILaunchStoryboardName = LaunchScreen;
				INFOPLIST_KEY_UIMainStoryboardFile = Main;
				INFOPLIST_KEY_UISupportedInterfaceOrientations = UIInterfaceOrientationPortrait;
				INFOPLIST_KEY_UISupportedInterfaceOrientations_iPad = "UIInterfaceOrientationLandscapeLeft UIInterfaceOrientationLandscapeRight UIInterfaceOrientationPortrait UIInterfaceOrientationPortraitUpsideDown";
				LD_RUNPATH_SEARCH_PATHS = (
					"$(inherited)",
					"@executable_path/Frameworks",
				);
				MARKETING_VERSION = 1.0;
				PRODUCT_BUNDLE_IDENTIFIER = sofiyafedorova.ToDoApp;
				PRODUCT_NAME = "$(TARGET_NAME)";
				SUPPORTED_PLATFORMS = "iphoneos iphonesimulator";
				SUPPORTS_MACCATALYST = NO;
				SUPPORTS_MAC_DESIGNED_FOR_IPHONE_IPAD = NO;
				SWIFT_EMIT_LOC_STRINGS = YES;
				SWIFT_VERSION = 5.0;
				TARGETED_DEVICE_FAMILY = 1;
			};
			name = Debug;
		};
		EB8D429E2A3CABC8002180BC /* Release */ = {
			isa = XCBuildConfiguration;
			buildSettings = {
				ASSETCATALOG_COMPILER_APPICON_NAME = AppIcon;
				ASSETCATALOG_COMPILER_GLOBAL_ACCENT_COLOR_NAME = AccentColor;
				CODE_SIGN_STYLE = Automatic;
				CURRENT_PROJECT_VERSION = 1;
				DEVELOPMENT_TEAM = 7RVKJ89XN7;
				GENERATE_INFOPLIST_FILE = YES;
				INFOPLIST_FILE = ToDoApp/Application/Resources/Info.plist;
				INFOPLIST_KEY_UIApplicationSupportsIndirectInputEvents = YES;
				INFOPLIST_KEY_UILaunchStoryboardName = LaunchScreen;
				INFOPLIST_KEY_UIMainStoryboardFile = Main;
				INFOPLIST_KEY_UISupportedInterfaceOrientations = UIInterfaceOrientationPortrait;
				INFOPLIST_KEY_UISupportedInterfaceOrientations_iPad = "UIInterfaceOrientationLandscapeLeft UIInterfaceOrientationLandscapeRight UIInterfaceOrientationPortrait UIInterfaceOrientationPortraitUpsideDown";
				LD_RUNPATH_SEARCH_PATHS = (
					"$(inherited)",
					"@executable_path/Frameworks",
				);
				MARKETING_VERSION = 1.0;
				PRODUCT_BUNDLE_IDENTIFIER = sofiyafedorova.ToDoApp;
				PRODUCT_NAME = "$(TARGET_NAME)";
				SUPPORTED_PLATFORMS = "iphoneos iphonesimulator";
				SUPPORTS_MACCATALYST = NO;
				SUPPORTS_MAC_DESIGNED_FOR_IPHONE_IPAD = NO;
				SWIFT_EMIT_LOC_STRINGS = YES;
				SWIFT_VERSION = 5.0;
				TARGETED_DEVICE_FAMILY = 1;
			};
			name = Release;
		};
		EB8D42B02A3CAFD2002180BC /* Debug */ = {
			isa = XCBuildConfiguration;
			buildSettings = {
				BUNDLE_LOADER = "$(TEST_HOST)";
				CODE_SIGN_STYLE = Automatic;
				CURRENT_PROJECT_VERSION = 1;
				DEVELOPMENT_TEAM = 7RVKJ89XN7;
				GENERATE_INFOPLIST_FILE = YES;
				MARKETING_VERSION = 1.0;
				PRODUCT_BUNDLE_IDENTIFIER = sofiyafedorova.ToDoAppTests;
				PRODUCT_NAME = "$(TARGET_NAME)";
				SWIFT_EMIT_LOC_STRINGS = NO;
				SWIFT_VERSION = 5.0;
				TARGETED_DEVICE_FAMILY = "1,2";
				TEST_HOST = "$(BUILT_PRODUCTS_DIR)/ToDoApp.app/$(BUNDLE_EXECUTABLE_FOLDER_PATH)/ToDoApp";
			};
			name = Debug;
		};
		EB8D42B12A3CAFD2002180BC /* Release */ = {
			isa = XCBuildConfiguration;
			buildSettings = {
				BUNDLE_LOADER = "$(TEST_HOST)";
				CODE_SIGN_STYLE = Automatic;
				CURRENT_PROJECT_VERSION = 1;
				DEVELOPMENT_TEAM = 7RVKJ89XN7;
				GENERATE_INFOPLIST_FILE = YES;
				MARKETING_VERSION = 1.0;
				PRODUCT_BUNDLE_IDENTIFIER = sofiyafedorova.ToDoAppTests;
				PRODUCT_NAME = "$(TARGET_NAME)";
				SWIFT_EMIT_LOC_STRINGS = NO;
				SWIFT_VERSION = 5.0;
				TARGETED_DEVICE_FAMILY = "1,2";
				TEST_HOST = "$(BUILT_PRODUCTS_DIR)/ToDoApp.app/$(BUNDLE_EXECUTABLE_FOLDER_PATH)/ToDoApp";
			};
			name = Release;
		};
/* End XCBuildConfiguration section */

/* Begin XCConfigurationList section */
		EB8D42832A3CABC7002180BC /* Build configuration list for PBXProject "ToDoApp" */ = {
			isa = XCConfigurationList;
			buildConfigurations = (
				EB8D429A2A3CABC8002180BC /* Debug */,
				EB8D429B2A3CABC8002180BC /* Release */,
			);
			defaultConfigurationIsVisible = 0;
			defaultConfigurationName = Release;
		};
		EB8D429C2A3CABC8002180BC /* Build configuration list for PBXNativeTarget "ToDoApp" */ = {
			isa = XCConfigurationList;
			buildConfigurations = (
				EB8D429D2A3CABC8002180BC /* Debug */,
				EB8D429E2A3CABC8002180BC /* Release */,
			);
			defaultConfigurationIsVisible = 0;
			defaultConfigurationName = Release;
		};
		EB8D42B22A3CAFD2002180BC /* Build configuration list for PBXNativeTarget "ToDoAppTests" */ = {
			isa = XCConfigurationList;
			buildConfigurations = (
				EB8D42B02A3CAFD2002180BC /* Debug */,
				EB8D42B12A3CAFD2002180BC /* Release */,
			);
			defaultConfigurationIsVisible = 0;
			defaultConfigurationName = Release;
		};
/* End XCConfigurationList section */
	};
	rootObject = EB8D42802A3CABC7002180BC /* Project object */;
}
